
Microsoft Visual Studio Solution File, Format Version 12.00
# Visual Studio Version 17
VisualStudioVersion = 17.14.36310.24
MinimumVisualStudioVersion = 10.0.40219.1
Project("{2150E333-8FDC-42A3-9474-1A3956D46DE8}") = "1 Presentation", "1 Presentation", "{6B6AA00D-D7DB-442B-A96A-67E161FA523E}"
EndProject
Project("{2150E333-8FDC-42A3-9474-1A3956D46DE8}") = "3 Domain", "3 Domain", "{D775D5A1-C03A-4F7C-9AE5-D92800727CCE}"
EndProject
Project("{2150E333-8FDC-42A3-9474-1A3956D46DE8}") = "4 Infraestructure", "4 Infraestructure", "{5F57636A-3EA3-4110-BB39-BE24BF96A349}"
EndProject
Project("{2150E333-8FDC-42A3-9474-1A3956D46DE8}") = "5 Test", "5 Test", "{00137A8A-2865-44DC-81C5-6A78332AC60F}"
EndProject
Project("{FAE04EC0-301F-11D3-BF4B-00C04F79EFBC}") = "StudentRegistration.Presentation.API", "..\StudentRegistration.Presentation.API\StudentRegistration.Presentation.API.csproj", "{26195AAA-732F-48A3-A05B-706A1FAA73D9}"
EndProject
Project("{2150E333-8FDC-42A3-9474-1A3956D46DE8}") = "2 Application", "2 Application", "{02EA681E-C7D8-13C7-8484-4AC65E1B71E8}"
EndProject
Project("{FAE04EC0-301F-11D3-BF4B-00C04F79EFBC}") = "StudentRegistration.Application", "..\StudentRegistration.Application\StudentRegistration.Application.csproj", "{77D60DB6-AEF4-4202-ABC9-429F0F2E6F01}"
EndProject
Project("{FAE04EC0-301F-11D3-BF4B-00C04F79EFBC}") = "StudentRegistration.Domain", "..\StudentRegistration.Domain\StudentRegistration.Domain.csproj", "{6FD6FC30-F4CD-4768-8CF1-7A530E394532}"
EndProject
Project("{FAE04EC0-301F-11D3-BF4B-00C04F79EFBC}") = "StudentRegistration.Infraestructure", "..\StudentRegistration.Infraestructure\StudentRegistration.Infraestructure.csproj", "{5FA42277-AEF2-4EA6-B24E-05C299C3A7BA}"
EndProject
Project("{FAE04EC0-301F-11D3-BF4B-00C04F79EFBC}") = "StudentRegistration.Application.UnitTests", "StudentRegistration.Application.UnitTests\StudentRegistration.Application.UnitTests.csproj", "{A39FD358-ABB5-4979-8BD8-7E43C13E3DF8}"
EndProject
Project("{2150E333-8FDC-42A3-9474-1A3956D46DE8}") = "Solution Items", "Solution Items", "{E70B7B38-74CF-450B-8AB5-F060409B2191}"
	ProjectSection(SolutionItems) = preProject
		.editorconfig = .editorconfig
	EndProjectSection
EndProject
Global
	GlobalSection(SolutionConfigurationPlatforms) = preSolution
		Debug|Any CPU = Debug|Any CPU
		Release|Any CPU = Release|Any CPU
	EndGlobalSection
	GlobalSection(ProjectConfigurationPlatforms) = postSolution
		{26195AAA-732F-48A3-A05B-706A1FAA73D9}.Debug|Any CPU.ActiveCfg = Debug|Any CPU
		{26195AAA-732F-48A3-A05B-706A1FAA73D9}.Debug|Any CPU.Build.0 = Debug|Any CPU
		{26195AAA-732F-48A3-A05B-706A1FAA73D9}.Release|Any CPU.ActiveCfg = Release|Any CPU
		{26195AAA-732F-48A3-A05B-706A1FAA73D9}.Release|Any CPU.Build.0 = Release|Any CPU
		{77D60DB6-AEF4-4202-ABC9-429F0F2E6F01}.Debug|Any CPU.ActiveCfg = Debug|Any CPU
		{77D60DB6-AEF4-4202-ABC9-429F0F2E6F01}.Debug|Any CPU.Build.0 = Debug|Any CPU
		{77D60DB6-AEF4-4202-ABC9-429F0F2E6F01}.Release|Any CPU.ActiveCfg = Release|Any CPU
		{77D60DB6-AEF4-4202-ABC9-429F0F2E6F01}.Release|Any CPU.Build.0 = Release|Any CPU
		{6FD6FC30-F4CD-4768-8CF1-7A530E394532}.Debug|Any CPU.ActiveCfg = Debug|Any CPU
		{6FD6FC30-F4CD-4768-8CF1-7A530E394532}.Debug|Any CPU.Build.0 = Debug|Any CPU
		{6FD6FC30-F4CD-4768-8CF1-7A530E394532}.Release|Any CPU.ActiveCfg = Release|Any CPU
		{6FD6FC30-F4CD-4768-8CF1-7A530E394532}.Release|Any CPU.Build.0 = Release|Any CPU
		{5FA42277-AEF2-4EA6-B24E-05C299C3A7BA}.Debug|Any CPU.ActiveCfg = Debug|Any CPU
		{5FA42277-AEF2-4EA6-B24E-05C299C3A7BA}.Debug|Any CPU.Build.0 = Debug|Any CPU
		{5FA42277-AEF2-4EA6-B24E-05C299C3A7BA}.Release|Any CPU.ActiveCfg = Release|Any CPU
		{5FA42277-AEF2-4EA6-B24E-05C299C3A7BA}.Release|Any CPU.Build.0 = Release|Any CPU
		{A39FD358-ABB5-4979-8BD8-7E43C13E3DF8}.Debug|Any CPU.ActiveCfg = Debug|Any CPU
		{A39FD358-ABB5-4979-8BD8-7E43C13E3DF8}.Debug|Any CPU.Build.0 = Debug|Any CPU
		{A39FD358-ABB5-4979-8BD8-7E43C13E3DF8}.Release|Any CPU.ActiveCfg = Release|Any CPU
		{A39FD358-ABB5-4979-8BD8-7E43C13E3DF8}.Release|Any CPU.Build.0 = Release|Any CPU
	EndGlobalSection
	GlobalSection(SolutionProperties) = preSolution
		HideSolutionNode = FALSE
	EndGlobalSection
	GlobalSection(NestedProjects) = preSolution
		{26195AAA-732F-48A3-A05B-706A1FAA73D9} = {6B6AA00D-D7DB-442B-A96A-67E161FA523E}
		{77D60DB6-AEF4-4202-ABC9-429F0F2E6F01} = {02EA681E-C7D8-13C7-8484-4AC65E1B71E8}
		{6FD6FC30-F4CD-4768-8CF1-7A530E394532} = {D775D5A1-C03A-4F7C-9AE5-D92800727CCE}
		{5FA42277-AEF2-4EA6-B24E-05C299C3A7BA} = {5F57636A-3EA3-4110-BB39-BE24BF96A349}
		{A39FD358-ABB5-4979-8BD8-7E43C13E3DF8} = {00137A8A-2865-44DC-81C5-6A78332AC60F}
	EndGlobalSection
	GlobalSection(ExtensibilityGlobals) = postSolution
		SolutionGuid = {1F6B82A9-6C61-4DED-B455-CDFFD8FCC962}
	EndGlobalSection
EndGlobal
